
Microsoft Visual Studio Solution File, Format Version 12.00
# Visual Studio 15
VisualStudioVersion = 15.0.27130.2027
MinimumVisualStudioVersion = 10.0.40219.1
Project("{FAE04EC0-301F-11D3-BF4B-00C04F79EFBC}") = "BillList", "BillList\BillList.csproj", "{24E1267A-E4CC-4A51-9ADB-EBEEA6E417D7}"
EndProject
Project("{FAE04EC0-301F-11D3-BF4B-00C04F79EFBC}") = "DAL", "..\..\..\Desktop\Term Project\DistroList\DAL\DAL.csproj", "{143D04FC-16FE-4CC3-B41A-ED88811048BF}"
EndProject
Project("{FAE04EC0-301F-11D3-BF4B-00C04F79EFBC}") = "BillSeed", "BillSeed\BillSeed.csproj", "{750CC39E-FA8F-4B9B-BA62-05AF6C4D999C}"
EndProject
Global
	GlobalSection(SolutionConfigurationPlatforms) = preSolution
		Debug|Any CPU = Debug|Any CPU
		Release|Any CPU = Release|Any CPU
	EndGlobalSection
	GlobalSection(ProjectConfigurationPlatforms) = postSolution
		{24E1267A-E4CC-4A51-9ADB-EBEEA6E417D7}.Debug|Any CPU.ActiveCfg = Debug|Any CPU
		{24E1267A-E4CC-4A51-9ADB-EBEEA6E417D7}.Debug|Any CPU.Build.0 = Debug|Any CPU
		{24E1267A-E4CC-4A51-9ADB-EBEEA6E417D7}.Debug|Any CPU.Deploy.0 = Debug|Any CPU
		{24E1267A-E4CC-4A51-9ADB-EBEEA6E417D7}.Release|Any CPU.ActiveCfg = Release|Any CPU
		{24E1267A-E4CC-4A51-9ADB-EBEEA6E417D7}.Release|Any CPU.Build.0 = Release|Any CPU
		{24E1267A-E4CC-4A51-9ADB-EBEEA6E417D7}.Release|Any CPU.Deploy.0 = Release|Any CPU
		{143D04FC-16FE-4CC3-B41A-ED88811048BF}.Debug|Any CPU.ActiveCfg = Debug|Any CPU
		{143D04FC-16FE-4CC3-B41A-ED88811048BF}.Debug|Any CPU.Build.0 = Debug|Any CPU
		{143D04FC-16FE-4CC3-B41A-ED88811048BF}.Release|Any CPU.ActiveCfg = Release|Any CPU
		{143D04FC-16FE-4CC3-B41A-ED88811048BF}.Release|Any CPU.Build.0 = Release|Any CPU
		{750CC39E-FA8F-4B9B-BA62-05AF6C4D999C}.Debug|Any CPU.ActiveCfg = Debug|Any CPU
		{750CC39E-FA8F-4B9B-BA62-05AF6C4D999C}.Debug|Any CPU.Build.0 = Debug|Any CPU
		{750CC39E-FA8F-4B9B-BA62-05AF6C4D999C}.Release|Any CPU.ActiveCfg = Release|Any CPU
		{750CC39E-FA8F-4B9B-BA62-05AF6C4D999C}.Release|Any CPU.Build.0 = Release|Any CPU
	EndGlobalSection
	GlobalSection(SolutionProperties) = preSolution
		HideSolutionNode = FALSE
	EndGlobalSection
	GlobalSection(ExtensibilityGlobals) = postSolution
		SolutionGuid = {970538F6-D07F-472F-AE77-96FC40B0EA05}
	EndGlobalSection
EndGlobal
